
Microsoft Visual Studio Solution File, Format Version 12.00
# Visual Studio 2013
VisualStudioVersion = 12.0.30723.0
MinimumVisualStudioVersion = 10.0.40219.1
Project("{FAE04EC0-301F-11D3-BF4B-00C04F79EFBC}") = "MyTodoApp", "MyTodoApp\MyTodoApp.csproj", "{D962A948-BB27-40EC-9ACF-1999828903C2}"
EndProject
Project("{FAE04EC0-301F-11D3-BF4B-00C04F79EFBC}") = "MyTodoApp.Tests", "MyTodoApp.Tests\MyTodoApp.Tests.csproj", "{F2CBE136-C7B4-49B1-A83A-5845C0071236}"
EndProject
Global
	GlobalSection(SolutionConfigurationPlatforms) = preSolution
		Debug|Any CPU = Debug|Any CPU
		Release|Any CPU = Release|Any CPU
	EndGlobalSection
	GlobalSection(ProjectConfigurationPlatforms) = postSolution
		{D962A948-BB27-40EC-9ACF-1999828903C2}.Debug|Any CPU.ActiveCfg = Debug|Any CPU
		{D962A948-BB27-40EC-9ACF-1999828903C2}.Debug|Any CPU.Build.0 = Debug|Any CPU
		{D962A948-BB27-40EC-9ACF-1999828903C2}.Release|Any CPU.ActiveCfg = Release|Any CPU
		{D962A948-BB27-40EC-9ACF-1999828903C2}.Release|Any CPU.Build.0 = Release|Any CPU
		{F2CBE136-C7B4-49B1-A83A-5845C0071236}.Debug|Any CPU.ActiveCfg = Debug|Any CPU
		{F2CBE136-C7B4-49B1-A83A-5845C0071236}.Debug|Any CPU.Build.0 = Debug|Any CPU
		{F2CBE136-C7B4-49B1-A83A-5845C0071236}.Release|Any CPU.ActiveCfg = Release|Any CPU
		{F2CBE136-C7B4-49B1-A83A-5845C0071236}.Release|Any CPU.Build.0 = Release|Any CPU
	EndGlobalSection
	GlobalSection(SolutionProperties) = preSolution
		HideSolutionNode = FALSE
	EndGlobalSection
EndGlobal
